// !$*UTF8*$!
{
	archiveVersion = 1;
	classes = {
	};
	objectVersion = 55;
	objects = {

/* Begin PBXBuildFile section */
		881087702A172BDC00EA20BC /* NewsAPI.swift in Sources */ = {isa = PBXBuildFile; fileRef = 8810876F2A172BDC00EA20BC /* NewsAPI.swift */; };
		881087722A172BE500EA20BC /* OtherAPI.swift in Sources */ = {isa = PBXBuildFile; fileRef = 881087712A172BE500EA20BC /* OtherAPI.swift */; };
		881087742A172C8900EA20BC /* NewsTarget.swift in Sources */ = {isa = PBXBuildFile; fileRef = 881087732A172C8900EA20BC /* NewsTarget.swift */; };
		88143F422A0DD6D60074E6EF /* CellViewModel.swift in Sources */ = {isa = PBXBuildFile; fileRef = 88143F412A0DD6D60074E6EF /* CellViewModel.swift */; };
		88143F462A0E41AE0074E6EF /* StateView.swift in Sources */ = {isa = PBXBuildFile; fileRef = 88143F452A0E41AE0074E6EF /* StateView.swift */; };
		88143F492A1229500074E6EF /* UIButton+Combine.swift in Sources */ = {isa = PBXBuildFile; fileRef = 88143F482A1229500074E6EF /* UIButton+Combine.swift */; };
		8843F5332A178C5D00CDD2BA /* HostConfig.swift in Sources */ = {isa = PBXBuildFile; fileRef = 8843F5322A178C5D00CDD2BA /* HostConfig.swift */; };
		886CB39F2A0CFAE60093033B /* ListCell.swift in Sources */ = {isa = PBXBuildFile; fileRef = 886CB39E2A0CFAE60093033B /* ListCell.swift */; };
		886CB3A12A0CFAEC0093033B /* ViewModel.swift in Sources */ = {isa = PBXBuildFile; fileRef = 886CB3A02A0CFAEC0093033B /* ViewModel.swift */; };
		886CB3A32A0CFAF50093033B /* Model.swift in Sources */ = {isa = PBXBuildFile; fileRef = 886CB3A22A0CFAF50093033B /* Model.swift */; };
		88B89EA92A08FCAB00B671F7 /* AppDelegate.swift in Sources */ = {isa = PBXBuildFile; fileRef = 88B89EA82A08FCAB00B671F7 /* AppDelegate.swift */; };
		88B89EAB2A08FCAB00B671F7 /* SceneDelegate.swift in Sources */ = {isa = PBXBuildFile; fileRef = 88B89EAA2A08FCAB00B671F7 /* SceneDelegate.swift */; };
		88B89EAD2A08FCAB00B671F7 /* ViewController.swift in Sources */ = {isa = PBXBuildFile; fileRef = 88B89EAC2A08FCAB00B671F7 /* ViewController.swift */; };
		88B89EB02A08FCAB00B671F7 /* Main.storyboard in Resources */ = {isa = PBXBuildFile; fileRef = 88B89EAE2A08FCAB00B671F7 /* Main.storyboard */; };
		88B89EB22A08FCAC00B671F7 /* Assets.xcassets in Resources */ = {isa = PBXBuildFile; fileRef = 88B89EB12A08FCAC00B671F7 /* Assets.xcassets */; };
		88B89EB52A08FCAC00B671F7 /* LaunchScreen.storyboard in Resources */ = {isa = PBXBuildFile; fileRef = 88B89EB32A08FCAC00B671F7 /* LaunchScreen.storyboard */; };
		88C4A8032A160955008E6E1F /* APIService.swift in Sources */ = {isa = PBXBuildFile; fileRef = 88C4A8022A160955008E6E1F /* APIService.swift */; };
		AB633D5DA1C688BBC986E9CD /* Pods_CombineDemo.framework in Frameworks */ = {isa = PBXBuildFile; fileRef = EA5522F70BE4A61EC8440ECE /* Pods_CombineDemo.framework */; };
/* End PBXBuildFile section */

/* Begin PBXFileReference section */
		8810876F2A172BDC00EA20BC /* NewsAPI.swift */ = {isa = PBXFileReference; lastKnownFileType = sourcecode.swift; path = NewsAPI.swift; sourceTree = "<group>"; };
		881087712A172BE500EA20BC /* OtherAPI.swift */ = {isa = PBXFileReference; lastKnownFileType = sourcecode.swift; path = OtherAPI.swift; sourceTree = "<group>"; };
		881087732A172C8900EA20BC /* NewsTarget.swift */ = {isa = PBXFileReference; lastKnownFileType = sourcecode.swift; path = NewsTarget.swift; sourceTree = "<group>"; };
		88143F412A0DD6D60074E6EF /* CellViewModel.swift */ = {isa = PBXFileReference; lastKnownFileType = sourcecode.swift; path = CellViewModel.swift; sourceTree = "<group>"; };
		88143F452A0E41AE0074E6EF /* StateView.swift */ = {isa = PBXFileReference; lastKnownFileType = sourcecode.swift; path = StateView.swift; sourceTree = "<group>"; };
		88143F482A1229500074E6EF /* UIButton+Combine.swift */ = {isa = PBXFileReference; lastKnownFileType = sourcecode.swift; path = "UIButton+Combine.swift"; sourceTree = "<group>"; };
		88143F4A2A1243300074E6EF /* Filtering.playground */ = {isa = PBXFileReference; lastKnownFileType = file.playground; path = Filtering.playground; sourceTree = "<group>"; xcLanguageSpecificationIdentifier = xcode.lang.swift; };
		88143F4B2A1321930074E6EF /* Combining.playground */ = {isa = PBXFileReference; lastKnownFileType = file.playground; path = Combining.playground; sourceTree = "<group>"; xcLanguageSpecificationIdentifier = xcode.lang.swift; };
		88143F4C2A1337480074E6EF /* Sequence.playground */ = {isa = PBXFileReference; lastKnownFileType = file.playground; path = Sequence.playground; sourceTree = SOURCE_ROOT; xcLanguageSpecificationIdentifier = xcode.lang.swift; };
		8843F5322A178C5D00CDD2BA /* HostConfig.swift */ = {isa = PBXFileReference; lastKnownFileType = sourcecode.swift; path = HostConfig.swift; sourceTree = "<group>"; };
		886CB39E2A0CFAE60093033B /* ListCell.swift */ = {isa = PBXFileReference; lastKnownFileType = sourcecode.swift; path = ListCell.swift; sourceTree = "<group>"; };
		886CB3A02A0CFAEC0093033B /* ViewModel.swift */ = {isa = PBXFileReference; lastKnownFileType = sourcecode.swift; path = ViewModel.swift; sourceTree = "<group>"; };
		886CB3A22A0CFAF50093033B /* Model.swift */ = {isa = PBXFileReference; lastKnownFileType = sourcecode.swift; path = Model.swift; sourceTree = "<group>"; };
		88B89EA52A08FCAB00B671F7 /* CombineDemo.app */ = {isa = PBXFileReference; explicitFileType = wrapper.application; includeInIndex = 0; path = CombineDemo.app; sourceTree = BUILT_PRODUCTS_DIR; };
		88B89EA82A08FCAB00B671F7 /* AppDelegate.swift */ = {isa = PBXFileReference; lastKnownFileType = sourcecode.swift; path = AppDelegate.swift; sourceTree = "<group>"; };
		88B89EAA2A08FCAB00B671F7 /* SceneDelegate.swift */ = {isa = PBXFileReference; lastKnownFileType = sourcecode.swift; path = SceneDelegate.swift; sourceTree = "<group>"; };
		88B89EAC2A08FCAB00B671F7 /* ViewController.swift */ = {isa = PBXFileReference; lastKnownFileType = sourcecode.swift; path = ViewController.swift; sourceTree = "<group>"; };
		88B89EAF2A08FCAB00B671F7 /* Base */ = {isa = PBXFileReference; lastKnownFileType = file.storyboard; name = Base; path = Base.lproj/Main.storyboard; sourceTree = "<group>"; };
		88B89EB12A08FCAC00B671F7 /* Assets.xcassets */ = {isa = PBXFileReference; lastKnownFileType = folder.assetcatalog; path = Assets.xcassets; sourceTree = "<group>"; };
		88B89EB42A08FCAC00B671F7 /* Base */ = {isa = PBXFileReference; lastKnownFileType = file.storyboard; name = Base; path = Base.lproj/LaunchScreen.storyboard; sourceTree = "<group>"; };
		88B89EB62A08FCAC00B671F7 /* Info.plist */ = {isa = PBXFileReference; lastKnownFileType = text.plist.xml; path = Info.plist; sourceTree = "<group>"; };
		88B89EBC2A08FCE400B671F7 /* PublisherAndSubscriber.playground */ = {isa = PBXFileReference; lastKnownFileType = file.playground; path = PublisherAndSubscriber.playground; sourceTree = "<group>"; xcLanguageSpecificationIdentifier = xcode.lang.swift; };
		88B89EBD2A0B76DC00B671F7 /* Subject.playground */ = {isa = PBXFileReference; lastKnownFileType = file.playground; path = Subject.playground; sourceTree = "<group>"; xcLanguageSpecificationIdentifier = xcode.lang.swift; };
		88B89EBF2A0B8EDF00B671F7 /* Transforming.playground */ = {isa = PBXFileReference; lastKnownFileType = file.playground; path = Transforming.playground; sourceTree = "<group>"; xcLanguageSpecificationIdentifier = xcode.lang.swift; };
		88C4A8012A13609E008E6E1F /* API.playground */ = {isa = PBXFileReference; lastKnownFileType = file.playground; path = API.playground; sourceTree = "<group>"; xcLanguageSpecificationIdentifier = xcode.lang.swift; };
		88C4A8022A160955008E6E1F /* APIService.swift */ = {isa = PBXFileReference; lastKnownFileType = sourcecode.swift; path = APIService.swift; sourceTree = "<group>"; };
		8EA003FCD558C19AAB8DC0C1 /* Pods-CombineDemo.debug.xcconfig */ = {isa = PBXFileReference; includeInIndex = 1; lastKnownFileType = text.xcconfig; name = "Pods-CombineDemo.debug.xcconfig"; path = "Target Support Files/Pods-CombineDemo/Pods-CombineDemo.debug.xcconfig"; sourceTree = "<group>"; };
		AC05E9BBB023887FD723B7FC /* Pods-CombineDemo.release.xcconfig */ = {isa = PBXFileReference; includeInIndex = 1; lastKnownFileType = text.xcconfig; name = "Pods-CombineDemo.release.xcconfig"; path = "Target Support Files/Pods-CombineDemo/Pods-CombineDemo.release.xcconfig"; sourceTree = "<group>"; };
		EA5522F70BE4A61EC8440ECE /* Pods_CombineDemo.framework */ = {isa = PBXFileReference; explicitFileType = wrapper.framework; includeInIndex = 0; path = Pods_CombineDemo.framework; sourceTree = BUILT_PRODUCTS_DIR; };
/* End PBXFileReference section */

/* Begin PBXFrameworksBuildPhase section */
		88B89EA22A08FCAB00B671F7 /* Frameworks */ = {
			isa = PBXFrameworksBuildPhase;
			buildActionMask = 2147483647;
			files = (
				AB633D5DA1C688BBC986E9CD /* Pods_CombineDemo.framework in Frameworks */,
			);
			runOnlyForDeploymentPostprocessing = 0;
		};
/* End PBXFrameworksBuildPhase section */

/* Begin PBXGroup section */
		41AB60B082D5C05BA55AED76 /* Frameworks */ = {
			isa = PBXGroup;
			children = (
				EA5522F70BE4A61EC8440ECE /* Pods_CombineDemo.framework */,
			);
			name = Frameworks;
			sourceTree = "<group>";
		};
		74F6B16C978C902239CACA10 /* Pods */ = {
			isa = PBXGroup;
			children = (
				8EA003FCD558C19AAB8DC0C1 /* Pods-CombineDemo.debug.xcconfig */,
				AC05E9BBB023887FD723B7FC /* Pods-CombineDemo.release.xcconfig */,
			);
			path = Pods;
			sourceTree = "<group>";
		};
		8810876E2A172BD000EA20BC /* API */ = {
			isa = PBXGroup;
			children = (
				88C4A8022A160955008E6E1F /* APIService.swift */,
				881087732A172C8900EA20BC /* NewsTarget.swift */,
				8810876F2A172BDC00EA20BC /* NewsAPI.swift */,
				881087712A172BE500EA20BC /* OtherAPI.swift */,
				8843F5322A178C5D00CDD2BA /* HostConfig.swift */,
			);
			path = API;
			sourceTree = "<group>";
		};
		88143F472A1229390074E6EF /* Extension */ = {
			isa = PBXGroup;
			children = (
				88143F482A1229500074E6EF /* UIButton+Combine.swift */,
			);
			path = Extension;
			sourceTree = "<group>";
		};
		88AB1C922A0CFAA800B9DE46 /* Bind */ = {
			isa = PBXGroup;
			children = (
				886CB39E2A0CFAE60093033B /* ListCell.swift */,
				886CB3A22A0CFAF50093033B /* Model.swift */,
				886CB3A02A0CFAEC0093033B /* ViewModel.swift */,
				88143F412A0DD6D60074E6EF /* CellViewModel.swift */,
				88143F452A0E41AE0074E6EF /* StateView.swift */,
			);
			path = Bind;
			sourceTree = "<group>";
		};
		88B89E9C2A08FCAB00B671F7 = {
			isa = PBXGroup;
			children = (
				88B89EBC2A08FCE400B671F7 /* PublisherAndSubscriber.playground */,
				88B89EBD2A0B76DC00B671F7 /* Subject.playground */,
				88B89EBF2A0B8EDF00B671F7 /* Transforming.playground */,
				88143F4A2A1243300074E6EF /* Filtering.playground */,
				88143F4B2A1321930074E6EF /* Combining.playground */,
				88143F4C2A1337480074E6EF /* Sequence.playground */,
				88C4A8012A13609E008E6E1F /* API.playground */,
				88B89EA72A08FCAB00B671F7 /* CombineDemo */,
				88B89EA62A08FCAB00B671F7 /* Products */,
				74F6B16C978C902239CACA10 /* Pods */,
				41AB60B082D5C05BA55AED76 /* Frameworks */,
			);
			sourceTree = "<group>";
		};
		88B89EA62A08FCAB00B671F7 /* Products */ = {
			isa = PBXGroup;
			children = (
				88B89EA52A08FCAB00B671F7 /* CombineDemo.app */,
			);
			name = Products;
			sourceTree = "<group>";
		};
		88B89EA72A08FCAB00B671F7 /* CombineDemo */ = {
			isa = PBXGroup;
			children = (
				8810876E2A172BD000EA20BC /* API */,
				88143F472A1229390074E6EF /* Extension */,
				88AB1C922A0CFAA800B9DE46 /* Bind */,
				88B89EA82A08FCAB00B671F7 /* AppDelegate.swift */,
				88B89EAA2A08FCAB00B671F7 /* SceneDelegate.swift */,
				88B89EAC2A08FCAB00B671F7 /* ViewController.swift */,
				88B89EAE2A08FCAB00B671F7 /* Main.storyboard */,
				88B89EB12A08FCAC00B671F7 /* Assets.xcassets */,
				88B89EB32A08FCAC00B671F7 /* LaunchScreen.storyboard */,
				88B89EB62A08FCAC00B671F7 /* Info.plist */,
			);
			path = CombineDemo;
			sourceTree = "<group>";
		};
/* End PBXGroup section */

/* Begin PBXNativeTarget section */
		88B89EA42A08FCAB00B671F7 /* CombineDemo */ = {
			isa = PBXNativeTarget;
			buildConfigurationList = 88B89EB92A08FCAC00B671F7 /* Build configuration list for PBXNativeTarget "CombineDemo" */;
			buildPhases = (
				6F3DDE438C5A6E541F286962 /* [CP] Check Pods Manifest.lock */,
				88B89EA12A08FCAB00B671F7 /* Sources */,
				88B89EA22A08FCAB00B671F7 /* Frameworks */,
				88B89EA32A08FCAB00B671F7 /* Resources */,
				C052CE42178DFE8D904A4CF8 /* [CP] Embed Pods Frameworks */,
			);
			buildRules = (
			);
			dependencies = (
			);
			name = CombineDemo;
			productName = CombineDemo;
			productReference = 88B89EA52A08FCAB00B671F7 /* CombineDemo.app */;
			productType = "com.apple.product-type.application";
		};
/* End PBXNativeTarget section */

/* Begin PBXProject section */
		88B89E9D2A08FCAB00B671F7 /* Project object */ = {
			isa = PBXProject;
			attributes = {
				BuildIndependentTargetsInParallel = 1;
				LastSwiftUpdateCheck = 1410;
				LastUpgradeCheck = 1410;
				TargetAttributes = {
					88B89EA42A08FCAB00B671F7 = {
						CreatedOnToolsVersion = 14.1;
					};
				};
			};
			buildConfigurationList = 88B89EA02A08FCAB00B671F7 /* Build configuration list for PBXProject "CombineDemo" */;
			compatibilityVersion = "Xcode 13.0";
			developmentRegion = en;
			hasScannedForEncodings = 0;
			knownRegions = (
				en,
				Base,
			);
			mainGroup = 88B89E9C2A08FCAB00B671F7;
			productRefGroup = 88B89EA62A08FCAB00B671F7 /* Products */;
			projectDirPath = "";
			projectRoot = "";
			targets = (
				88B89EA42A08FCAB00B671F7 /* CombineDemo */,
			);
		};
/* End PBXProject section */

/* Begin PBXResourcesBuildPhase section */
		88B89EA32A08FCAB00B671F7 /* Resources */ = {
			isa = PBXResourcesBuildPhase;
			buildActionMask = 2147483647;
			files = (
				88B89EB52A08FCAC00B671F7 /* LaunchScreen.storyboard in Resources */,
				88B89EB22A08FCAC00B671F7 /* Assets.xcassets in Resources */,
				88B89EB02A08FCAB00B671F7 /* Main.storyboard in Resources */,
			);
			runOnlyForDeploymentPostprocessing = 0;
		};
/* End PBXResourcesBuildPhase section */

/* Begin PBXShellScriptBuildPhase section */
		6F3DDE438C5A6E541F286962 /* [CP] Check Pods Manifest.lock */ = {
			isa = PBXShellScriptBuildPhase;
			buildActionMask = 2147483647;
			files = (
			);
			inputFileListPaths = (
			);
			inputPaths = (
				"${PODS_PODFILE_DIR_PATH}/Podfile.lock",
				"${PODS_ROOT}/Manifest.lock",
			);
			name = "[CP] Check Pods Manifest.lock";
			outputFileListPaths = (
			);
			outputPaths = (
				"$(DERIVED_FILE_DIR)/Pods-CombineDemo-checkManifestLockResult.txt",
			);
			runOnlyForDeploymentPostprocessing = 0;
			shellPath = /bin/sh;
			shellScript = "diff \"${PODS_PODFILE_DIR_PATH}/Podfile.lock\" \"${PODS_ROOT}/Manifest.lock\" > /dev/null\nif [ $? != 0 ] ; then\n    # print error to STDERR\n    echo \"error: The sandbox is not in sync with the Podfile.lock. Run 'pod install' or update your CocoaPods installation.\" >&2\n    exit 1\nfi\n# This output is used by Xcode 'outputs' to avoid re-running this script phase.\necho \"SUCCESS\" > \"${SCRIPT_OUTPUT_FILE_0}\"\n";
			showEnvVarsInLog = 0;
		};
		C052CE42178DFE8D904A4CF8 /* [CP] Embed Pods Frameworks */ = {
			isa = PBXShellScriptBuildPhase;
			buildActionMask = 2147483647;
			files = (
			);
			inputFileListPaths = (
				"${PODS_ROOT}/Target Support Files/Pods-CombineDemo/Pods-CombineDemo-frameworks-${CONFIGURATION}-input-files.xcfilelist",
			);
			name = "[CP] Embed Pods Frameworks";
			outputFileListPaths = (
				"${PODS_ROOT}/Target Support Files/Pods-CombineDemo/Pods-CombineDemo-frameworks-${CONFIGURATION}-output-files.xcfilelist",
			);
			runOnlyForDeploymentPostprocessing = 0;
			shellPath = /bin/sh;
			shellScript = "\"${PODS_ROOT}/Target Support Files/Pods-CombineDemo/Pods-CombineDemo-frameworks.sh\"\n";
			showEnvVarsInLog = 0;
		};
/* End PBXShellScriptBuildPhase section */

/* Begin PBXSourcesBuildPhase section */
		88B89EA12A08FCAB00B671F7 /* Sources */ = {
			isa = PBXSourcesBuildPhase;
			buildActionMask = 2147483647;
			files = (
				881087702A172BDC00EA20BC /* NewsAPI.swift in Sources */,
				886CB3A12A0CFAEC0093033B /* ViewModel.swift in Sources */,
				88B89EAD2A08FCAB00B671F7 /* ViewController.swift in Sources */,
				886CB39F2A0CFAE60093033B /* ListCell.swift in Sources */,
				88143F422A0DD6D60074E6EF /* CellViewModel.swift in Sources */,
				886CB3A32A0CFAF50093033B /* Model.swift in Sources */,
				881087742A172C8900EA20BC /* NewsTarget.swift in Sources */,
				8843F5332A178C5D00CDD2BA /* HostConfig.swift in Sources */,
				88B89EA92A08FCAB00B671F7 /* AppDelegate.swift in Sources */,
				88C4A8032A160955008E6E1F /* APIService.swift in Sources */,
				88143F462A0E41AE0074E6EF /* StateView.swift in Sources */,
				881087722A172BE500EA20BC /* OtherAPI.swift in Sources */,
				88B89EAB2A08FCAB00B671F7 /* SceneDelegate.swift in Sources */,
				88143F492A1229500074E6EF /* UIButton+Combine.swift in Sources */,
			);
			runOnlyForDeploymentPostprocessing = 0;
		};
/* End PBXSourcesBuildPhase section */

/* Begin PBXVariantGroup section */
		88B89EAE2A08FCAB00B671F7 /* Main.storyboard */ = {
			isa = PBXVariantGroup;
			children = (
				88B89EAF2A08FCAB00B671F7 /* Base */,
			);
			name = Main.storyboard;
			sourceTree = "<group>";
		};
		88B89EB32A08FCAC00B671F7 /* LaunchScreen.storyboard */ = {
			isa = PBXVariantGroup;
			children = (
				88B89EB42A08FCAC00B671F7 /* Base */,
			);
			name = LaunchScreen.storyboard;
			sourceTree = "<group>";
		};
/* End PBXVariantGroup section */

/* Begin XCBuildConfiguration section */
		88B89EB72A08FCAC00B671F7 /* Debug */ = {
			isa = XCBuildConfiguration;
			buildSettings = {
				ALWAYS_SEARCH_USER_PATHS = NO;
				CLANG_ANALYZER_NONNULL = YES;
				CLANG_ANALYZER_NUMBER_OBJECT_CONVERSION = YES_AGGRESSIVE;
				CLANG_CXX_LANGUAGE_STANDARD = "gnu++20";
				CLANG_ENABLE_MODULES = YES;
				CLANG_ENABLE_OBJC_ARC = YES;
				CLANG_ENABLE_OBJC_WEAK = YES;
				CLANG_WARN_BLOCK_CAPTURE_AUTORELEASING = YES;
				CLANG_WARN_BOOL_CONVERSION = YES;
				CLANG_WARN_COMMA = YES;
				CLANG_WARN_CONSTANT_CONVERSION = YES;
				CLANG_WARN_DEPRECATED_OBJC_IMPLEMENTATIONS = YES;
				CLANG_WARN_DIRECT_OBJC_ISA_USAGE = YES_ERROR;
				CLANG_WARN_DOCUMENTATION_COMMENTS = YES;
				CLANG_WARN_EMPTY_BODY = YES;
				CLANG_WARN_ENUM_CONVERSION = YES;
				CLANG_WARN_INFINITE_RECURSION = YES;
				CLANG_WARN_INT_CONVERSION = YES;
				CLANG_WARN_NON_LITERAL_NULL_CONVERSION = YES;
				CLANG_WARN_OBJC_IMPLICIT_RETAIN_SELF = YES;
				CLANG_WARN_OBJC_LITERAL_CONVERSION = YES;
				CLANG_WARN_OBJC_ROOT_CLASS = YES_ERROR;
				CLANG_WARN_QUOTED_INCLUDE_IN_FRAMEWORK_HEADER = YES;
				CLANG_WARN_RANGE_LOOP_ANALYSIS = YES;
				CLANG_WARN_STRICT_PROTOTYPES = YES;
				CLANG_WARN_SUSPICIOUS_MOVE = YES;
				CLANG_WARN_UNGUARDED_AVAILABILITY = YES_AGGRESSIVE;
				CLANG_WARN_UNREACHABLE_CODE = YES;
				CLANG_WARN__DUPLICATE_METHOD_MATCH = YES;
				COPY_PHASE_STRIP = NO;
				DEBUG_INFORMATION_FORMAT = dwarf;
				ENABLE_STRICT_OBJC_MSGSEND = YES;
				ENABLE_TESTABILITY = YES;
				GCC_C_LANGUAGE_STANDARD = gnu11;
				GCC_DYNAMIC_NO_PIC = NO;
				GCC_NO_COMMON_BLOCKS = YES;
				GCC_OPTIMIZATION_LEVEL = 0;
				GCC_PREPROCESSOR_DEFINITIONS = (
					"DEBUG=1",
					"$(inherited)",
				);
				GCC_WARN_64_TO_32_BIT_CONVERSION = YES;
				GCC_WARN_ABOUT_RETURN_TYPE = YES_ERROR;
				GCC_WARN_UNDECLARED_SELECTOR = YES;
				GCC_WARN_UNINITIALIZED_AUTOS = YES_AGGRESSIVE;
				GCC_WARN_UNUSED_FUNCTION = YES;
				GCC_WARN_UNUSED_VARIABLE = YES;
				IPHONEOS_DEPLOYMENT_TARGET = 16.1;
				MTL_ENABLE_DEBUG_INFO = INCLUDE_SOURCE;
				MTL_FAST_MATH = YES;
				ONLY_ACTIVE_ARCH = YES;
				SDKROOT = iphoneos;
				SWIFT_ACTIVE_COMPILATION_CONDITIONS = DEBUG;
				SWIFT_OPTIMIZATION_LEVEL = "-Onone";
			};
			name = Debug;
		};
		88B89EB82A08FCAC00B671F7 /* Release */ = {
			isa = XCBuildConfiguration;
			buildSettings = {
				ALWAYS_SEARCH_USER_PATHS = NO;
				CLANG_ANALYZER_NONNULL = YES;
				CLANG_ANALYZER_NUMBER_OBJECT_CONVERSION = YES_AGGRESSIVE;
				CLANG_CXX_LANGUAGE_STANDARD = "gnu++20";
				CLANG_ENABLE_MODULES = YES;
				CLANG_ENABLE_OBJC_ARC = YES;
				CLANG_ENABLE_OBJC_WEAK = YES;
				CLANG_WARN_BLOCK_CAPTURE_AUTORELEASING = YES;
				CLANG_WARN_BOOL_CONVERSION = YES;
				CLANG_WARN_COMMA = YES;
				CLANG_WARN_CONSTANT_CONVERSION = YES;
				CLANG_WARN_DEPRECATED_OBJC_IMPLEMENTATIONS = YES;
				CLANG_WARN_DIRECT_OBJC_ISA_USAGE = YES_ERROR;
				CLANG_WARN_DOCUMENTATION_COMMENTS = YES;
				CLANG_WARN_EMPTY_BODY = YES;
				CLANG_WARN_ENUM_CONVERSION = YES;
				CLANG_WARN_INFINITE_RECURSION = YES;
				CLANG_WARN_INT_CONVERSION = YES;
				CLANG_WARN_NON_LITERAL_NULL_CONVERSION = YES;
				CLANG_WARN_OBJC_IMPLICIT_RETAIN_SELF = YES;
				CLANG_WARN_OBJC_LITERAL_CONVERSION = YES;
				CLANG_WARN_OBJC_ROOT_CLASS = YES_ERROR;
				CLANG_WARN_QUOTED_INCLUDE_IN_FRAMEWORK_HEADER = YES;
				CLANG_WARN_RANGE_LOOP_ANALYSIS = YES;
				CLANG_WARN_STRICT_PROTOTYPES = YES;
				CLANG_WARN_SUSPICIOUS_MOVE = YES;
				CLANG_WARN_UNGUARDED_AVAILABILITY = YES_AGGRESSIVE;
				CLANG_WARN_UNREACHABLE_CODE = YES;
				CLANG_WARN__DUPLICATE_METHOD_MATCH = YES;
				COPY_PHASE_STRIP = NO;
				DEBUG_INFORMATION_FORMAT = "dwarf-with-dsym";
				ENABLE_NS_ASSERTIONS = NO;
				ENABLE_STRICT_OBJC_MSGSEND = YES;
				GCC_C_LANGUAGE_STANDARD = gnu11;
				GCC_NO_COMMON_BLOCKS = YES;
				GCC_WARN_64_TO_32_BIT_CONVERSION = YES;
				GCC_WARN_ABOUT_RETURN_TYPE = YES_ERROR;
				GCC_WARN_UNDECLARED_SELECTOR = YES;
				GCC_WARN_UNINITIALIZED_AUTOS = YES_AGGRESSIVE;
				GCC_WARN_UNUSED_FUNCTION = YES;
				GCC_WARN_UNUSED_VARIABLE = YES;
				IPHONEOS_DEPLOYMENT_TARGET = 16.1;
				MTL_ENABLE_DEBUG_INFO = NO;
				MTL_FAST_MATH = YES;
				SDKROOT = iphoneos;
				SWIFT_COMPILATION_MODE = wholemodule;
				SWIFT_OPTIMIZATION_LEVEL = "-O";
				VALIDATE_PRODUCT = YES;
			};
			name = Release;
		};
		88B89EBA2A08FCAC00B671F7 /* Debug */ = {
			isa = XCBuildConfiguration;
			baseConfigurationReference = 8EA003FCD558C19AAB8DC0C1 /* Pods-CombineDemo.debug.xcconfig */;
			buildSettings = {
				ASSETCATALOG_COMPILER_APPICON_NAME = AppIcon;
				ASSETCATALOG_COMPILER_GLOBAL_ACCENT_COLOR_NAME = AccentColor;
				CODE_SIGN_STYLE = Automatic;
				CURRENT_PROJECT_VERSION = 1;
				DEVELOPMENT_TEAM = DQFEA2B5H2;
				GENERATE_INFOPLIST_FILE = YES;
				INFOPLIST_FILE = CombineDemo/Info.plist;
				INFOPLIST_KEY_UIApplicationSupportsIndirectInputEvents = YES;
				INFOPLIST_KEY_UILaunchStoryboardName = LaunchScreen;
				INFOPLIST_KEY_UIMainStoryboardFile = Main;
				INFOPLIST_KEY_UISupportedInterfaceOrientations_iPad = "UIInterfaceOrientationPortrait UIInterfaceOrientationPortraitUpsideDown UIInterfaceOrientationLandscapeLeft UIInterfaceOrientationLandscapeRight";
				INFOPLIST_KEY_UISupportedInterfaceOrientations_iPhone = "UIInterfaceOrientationPortrait UIInterfaceOrientationLandscapeLeft UIInterfaceOrientationLandscapeRight";
				IPHONEOS_DEPLOYMENT_TARGET = 15.0;
				LD_RUNPATH_SEARCH_PATHS = (
					"$(inherited)",
					"@executable_path/Frameworks",
				);
				MARKETING_VERSION = 1.0;
				PRODUCT_BUNDLE_IDENTIFIER = com.zhuyun.CombineDemo;
				PRODUCT_NAME = "$(TARGET_NAME)";
				SWIFT_EMIT_LOC_STRINGS = YES;
				SWIFT_VERSION = 5.0;
				TARGETED_DEVICE_FAMILY = "1,2";
			};
			name = Debug;
		};
		88B89EBB2A08FCAC00B671F7 /* Release */ = {
			isa = XCBuildConfiguration;
			baseConfigurationReference = AC05E9BBB023887FD723B7FC /* Pods-CombineDemo.release.xcconfig */;
			buildSettings = {
				ASSETCATALOG_COMPILER_APPICON_NAME = AppIcon;
				ASSETCATALOG_COMPILER_GLOBAL_ACCENT_COLOR_NAME = AccentColor;
				CODE_SIGN_STYLE = Automatic;
				CURRENT_PROJECT_VERSION = 1;
				DEVELOPMENT_TEAM = DQFEA2B5H2;
				GENERATE_INFOPLIST_FILE = YES;
				INFOPLIST_FILE = CombineDemo/Info.plist;
				INFOPLIST_KEY_UIApplicationSupportsIndirectInputEvents = YES;
				INFOPLIST_KEY_UILaunchStoryboardName = LaunchScreen;
				INFOPLIST_KEY_UIMainStoryboardFile = Main;
				INFOPLIST_KEY_UISupportedInterfaceOrientations_iPad = "UIInterfaceOrientationPortrait UIInterfaceOrientationPortraitUpsideDown UIInterfaceOrientationLandscapeLeft UIInterfaceOrientationLandscapeRight";
				INFOPLIST_KEY_UISupportedInterfaceOrientations_iPhone = "UIInterfaceOrientationPortrait UIInterfaceOrientationLandscapeLeft UIInterfaceOrientationLandscapeRight";
				IPHONEOS_DEPLOYMENT_TARGET = 15.0;
				LD_RUNPATH_SEARCH_PATHS = (
					"$(inherited)",
					"@executable_path/Frameworks",
				);
				MARKETING_VERSION = 1.0;
				PRODUCT_BUNDLE_IDENTIFIER = com.zhuyun.CombineDemo;
				PRODUCT_NAME = "$(TARGET_NAME)";
				SWIFT_EMIT_LOC_STRINGS = YES;
				SWIFT_VERSION = 5.0;
				TARGETED_DEVICE_FAMILY = "1,2";
			};
			name = Release;
		};
/* End XCBuildConfiguration section */

/* Begin XCConfigurationList section */
		88B89EA02A08FCAB00B671F7 /* Build configuration list for PBXProject "CombineDemo" */ = {
			isa = XCConfigurationList;
			buildConfigurations = (
				88B89EB72A08FCAC00B671F7 /* Debug */,
				88B89EB82A08FCAC00B671F7 /* Release */,
			);
			defaultConfigurationIsVisible = 0;
			defaultConfigurationName = Release;
		};
		88B89EB92A08FCAC00B671F7 /* Build configuration list for PBXNativeTarget "CombineDemo" */ = {
			isa = XCConfigurationList;
			buildConfigurations = (
				88B89EBA2A08FCAC00B671F7 /* Debug */,
				88B89EBB2A08FCAC00B671F7 /* Release */,
			);
			defaultConfigurationIsVisible = 0;
			defaultConfigurationName = Release;
		};
/* End XCConfigurationList section */
	};
	rootObject = 88B89E9D2A08FCAB00B671F7 /* Project object */;
}
